// !$*UTF8*$!
{
	archiveVersion = 1;
	classes = {
	};
	objectVersion = 46;
	objects = {

/* Begin PBXBuildFile section */
		3A5FFF8B176D68C4003B4E6E /* DRHSimpleMapAnnotation.m in Sources */ = {isa = PBXBuildFile; fileRef = 3A5FFF8A176D68C4003B4E6E /* DRHSimpleMapAnnotation.m */; };
		3ABC0835176D0043000AE52D /* Cocoa.framework in Frameworks */ = {isa = PBXBuildFile; fileRef = 3ABC0834176D0043000AE52D /* Cocoa.framework */; };
		3ABC083F176D0043000AE52D /* InfoPlist.strings in Resources */ = {isa = PBXBuildFile; fileRef = 3ABC083D176D0043000AE52D /* InfoPlist.strings */; };
		3ABC0841176D0043000AE52D /* main.m in Sources */ = {isa = PBXBuildFile; fileRef = 3ABC0840176D0043000AE52D /* main.m */; };
		3ABC0848176D0043000AE52D /* DRHAppDelegate.m in Sources */ = {isa = PBXBuildFile; fileRef = 3ABC0847176D0043000AE52D /* DRHAppDelegate.m */; };
		3ABC084B176D0043000AE52D /* MainMenu.xib in Resources */ = {isa = PBXBuildFile; fileRef = 3ABC0849176D0043000AE52D /* MainMenu.xib */; };
		3ABC0869176D00AD000AE52D /* MapKit.framework in Frameworks */ = {isa = PBXBuildFile; fileRef = 3ABC0868176D00AD000AE52D /* MapKit.framework */; };
		3ABC086D176D0138000AE52D /* DRHGeohashLocator.m in Sources */ = {isa = PBXBuildFile; fileRef = 3ABC086C176D0138000AE52D /* DRHGeohashLocator.m */; };
		3ABC0871176D0177000AE52D /* DRHMainWindow_WindowController.m in Sources */ = {isa = PBXBuildFile; fileRef = 3ABC086F176D0177000AE52D /* DRHMainWindow_WindowController.m */; };
		3ABC0872176D0177000AE52D /* DRHMainWindow_WindowController.xib in Resources */ = {isa = PBXBuildFile; fileRef = 3ABC0870176D0177000AE52D /* DRHMainWindow_WindowController.xib */; };
		3ABC0874176D3B05000AE52D /* CoreLocation.framework in Frameworks */ = {isa = PBXBuildFile; fileRef = 3ABC0873176D3B05000AE52D /* CoreLocation.framework */; };
/* End PBXBuildFile section */

/* Begin PBXFileReference section */
		3A5FFF89176D68C4003B4E6E /* DRHSimpleMapAnnotation.h */ = {isa = PBXFileReference; fileEncoding = 4; lastKnownFileType = sourcecode.c.h; name = DRHSimpleMapAnnotation.h; path = "Geohash Locator/DRHSimpleMapAnnotation.h"; sourceTree = "<group>"; };
		3A5FFF8A176D68C4003B4E6E /* DRHSimpleMapAnnotation.m */ = {isa = PBXFileReference; fileEncoding = 4; lastKnownFileType = sourcecode.c.objc; name = DRHSimpleMapAnnotation.m; path = "Geohash Locator/DRHSimpleMapAnnotation.m"; sourceTree = "<group>"; };
		3ABC0831176D0043000AE52D /* Geohash Locator.app */ = {isa = PBXFileReference; explicitFileType = wrapper.application; includeInIndex = 0; path = "Geohash Locator.app"; sourceTree = BUILT_PRODUCTS_DIR; };
		3ABC0834176D0043000AE52D /* Cocoa.framework */ = {isa = PBXFileReference; lastKnownFileType = wrapper.framework; name = Cocoa.framework; path = System/Library/Frameworks/Cocoa.framework; sourceTree = SDKROOT; };
		3ABC0837176D0043000AE52D /* AppKit.framework */ = {isa = PBXFileReference; lastKnownFileType = wrapper.framework; name = AppKit.framework; path = System/Library/Frameworks/AppKit.framework; sourceTree = SDKROOT; };
		3ABC0839176D0043000AE52D /* Foundation.framework */ = {isa = PBXFileReference; lastKnownFileType = wrapper.framework; name = Foundation.framework; path = System/Library/Frameworks/Foundation.framework; sourceTree = SDKROOT; };
		3ABC083C176D0043000AE52D /* Geohash Locator-Info.plist */ = {isa = PBXFileReference; lastKnownFileType = text.plist.xml; path = "Geohash Locator-Info.plist"; sourceTree = "<group>"; };
		3ABC083E176D0043000AE52D /* en */ = {isa = PBXFileReference; lastKnownFileType = text.plist.strings; name = en; path = en.lproj/InfoPlist.strings; sourceTree = "<group>"; };
		3ABC0840176D0043000AE52D /* main.m */ = {isa = PBXFileReference; lastKnownFileType = sourcecode.c.objc; path = main.m; sourceTree = "<group>"; };
		3ABC0842176D0043000AE52D /* Geohash Locator-Prefix.pch */ = {isa = PBXFileReference; lastKnownFileType = sourcecode.c.h; path = "Geohash Locator-Prefix.pch"; sourceTree = "<group>"; };
		3ABC0846176D0043000AE52D /* DRHAppDelegate.h */ = {isa = PBXFileReference; lastKnownFileType = sourcecode.c.h; path = DRHAppDelegate.h; sourceTree = "<group>"; };
		3ABC0847176D0043000AE52D /* DRHAppDelegate.m */ = {isa = PBXFileReference; lastKnownFileType = sourcecode.c.objc; path = DRHAppDelegate.m; sourceTree = "<group>"; };
		3ABC084A176D0043000AE52D /* Base */ = {isa = PBXFileReference; lastKnownFileType = file.xib; name = Base; path = Base.lproj/MainMenu.xib; sourceTree = "<group>"; };
		3ABC0868176D00AD000AE52D /* MapKit.framework */ = {isa = PBXFileReference; lastKnownFileType = wrapper.framework; name = MapKit.framework; path = System/Library/Frameworks/MapKit.framework; sourceTree = SDKROOT; };
		3ABC086B176D0138000AE52D /* DRHGeohashLocator.h */ = {isa = PBXFileReference; fileEncoding = 4; lastKnownFileType = sourcecode.c.h; path = DRHGeohashLocator.h; sourceTree = "<group>"; };
		3ABC086C176D0138000AE52D /* DRHGeohashLocator.m */ = {isa = PBXFileReference; fileEncoding = 4; lastKnownFileType = sourcecode.c.objc; path = DRHGeohashLocator.m; sourceTree = "<group>"; };
		3ABC086E176D0177000AE52D /* DRHMainWindow_WindowController.h */ = {isa = PBXFileReference; fileEncoding = 4; lastKnownFileType = sourcecode.c.h; path = DRHMainWindow_WindowController.h; sourceTree = "<group>"; };
		3ABC086F176D0177000AE52D /* DRHMainWindow_WindowController.m */ = {isa = PBXFileReference; fileEncoding = 4; lastKnownFileType = sourcecode.c.objc; path = DRHMainWindow_WindowController.m; sourceTree = "<group>"; };
		3ABC0870176D0177000AE52D /* DRHMainWindow_WindowController.xib */ = {isa = PBXFileReference; fileEncoding = 4; lastKnownFileType = file.xib; path = DRHMainWindow_WindowController.xib; sourceTree = "<group>"; };
		3ABC0873176D3B05000AE52D /* CoreLocation.framework */ = {isa = PBXFileReference; lastKnownFileType = wrapper.framework; name = CoreLocation.framework; path = System/Library/Frameworks/CoreLocation.framework; sourceTree = SDKROOT; };
/* End PBXFileReference section */

/* Begin PBXFrameworksBuildPhase section */
		3ABC082E176D0043000AE52D /* Frameworks */ = {
			isa = PBXFrameworksBuildPhase;
			buildActionMask = 2147483647;
			files = (
				3ABC0874176D3B05000AE52D /* CoreLocation.framework in Frameworks */,
				3ABC0869176D00AD000AE52D /* MapKit.framework in Frameworks */,
				3ABC0835176D0043000AE52D /* Cocoa.framework in Frameworks */,
			);
			runOnlyForDeploymentPostprocessing = 0;
		};
/* End PBXFrameworksBuildPhase section */

/* Begin PBXGroup section */
		3ABC0828176D0043000AE52D = {
			isa = PBXGroup;
			children = (
				3ABC083A176D0043000AE52D /* Model */,
				3ABC086A176D00DD000AE52D /* View */,
				3ABC0833176D0043000AE52D /* Frameworks */,
				3ABC0832176D0043000AE52D /* Products */,
			);
			sourceTree = "<group>";
		};
		3ABC0832176D0043000AE52D /* Products */ = {
			isa = PBXGroup;
			children = (
				3ABC0831176D0043000AE52D /* Geohash Locator.app */,
			);
			name = Products;
			sourceTree = "<group>";
		};
		3ABC0833176D0043000AE52D /* Frameworks */ = {
			isa = PBXGroup;
			children = (
				3ABC0873176D3B05000AE52D /* CoreLocation.framework */,
				3ABC0837176D0043000AE52D /* AppKit.framework */,
				3ABC0839176D0043000AE52D /* Foundation.framework */,
				3ABC0868176D00AD000AE52D /* MapKit.framework */,
				3ABC0834176D0043000AE52D /* Cocoa.framework */,
			);
			name = Frameworks;
			sourceTree = "<group>";
		};
		3ABC083A176D0043000AE52D /* Model */ = {
			isa = PBXGroup;
			children = (
				3ABC083B176D0043000AE52D /* Supporting Files */,
				3ABC0846176D0043000AE52D /* DRHAppDelegate.h */,
				3ABC0847176D0043000AE52D /* DRHAppDelegate.m */,
				3ABC086B176D0138000AE52D /* DRHGeohashLocator.h */,
				3ABC086C176D0138000AE52D /* DRHGeohashLocator.m */,
			);
			name = Model;
			path = "Geohash Locator";
			sourceTree = "<group>";
		};
		3ABC083B176D0043000AE52D /* Supporting Files */ = {
			isa = PBXGroup;
			children = (
				3ABC083C176D0043000AE52D /* Geohash Locator-Info.plist */,
				3ABC083D176D0043000AE52D /* InfoPlist.strings */,
				3ABC0840176D0043000AE52D /* main.m */,
				3ABC0842176D0043000AE52D /* Geohash Locator-Prefix.pch */,
			);
			name = "Supporting Files";
			sourceTree = "<group>";
		};
		3ABC086A176D00DD000AE52D /* View */ = {
			isa = PBXGroup;
			children = (
				3ABC0849176D0043000AE52D /* MainMenu.xib */,
				3ABC086E176D0177000AE52D /* DRHMainWindow_WindowController.h */,
				3ABC086F176D0177000AE52D /* DRHMainWindow_WindowController.m */,
				3ABC0870176D0177000AE52D /* DRHMainWindow_WindowController.xib */,
				3A5FFF89176D68C4003B4E6E /* DRHSimpleMapAnnotation.h */,
				3A5FFF8A176D68C4003B4E6E /* DRHSimpleMapAnnotation.m */,
			);
			name = View;
			sourceTree = "<group>";
		};
/* End PBXGroup section */

/* Begin PBXNativeTarget section */
		3ABC0830176D0043000AE52D /* Geohash Locator */ = {
			isa = PBXNativeTarget;
			buildConfigurationList = 3ABC0862176D0043000AE52D /* Build configuration list for PBXNativeTarget "Geohash Locator" */;
			buildPhases = (
				3ABC082D176D0043000AE52D /* Sources */,
				3ABC082E176D0043000AE52D /* Frameworks */,
				3ABC082F176D0043000AE52D /* Resources */,
			);
			buildRules = (
			);
			dependencies = (
			);
			name = "Geohash Locator";
			productName = "Geohash Locator";
			productReference = 3ABC0831176D0043000AE52D /* Geohash Locator.app */;
			productType = "com.apple.product-type.application";
		};
/* End PBXNativeTarget section */

/* Begin PBXProject section */
		3ABC0829176D0043000AE52D /* Project object */ = {
			isa = PBXProject;
			attributes = {
				CLASSPREFIX = DRH;
				LastUpgradeCheck = 0500;
				ORGANIZATIONNAME = "Drew R. Hood";
				TargetAttributes = {
					3ABC0830176D0043000AE52D = {
						SystemCapabilities = {
							com.apple.Mac = {
								enabled = 1;
							};
						};
					};
				};
			};
			buildConfigurationList = 3ABC082C176D0043000AE52D /* Build configuration list for PBXProject "Geohash Locator" */;
			compatibilityVersion = "Xcode 3.2";
			developmentRegion = English;
			hasScannedForEncodings = 0;
			knownRegions = (
				en,
				Base,
			);
			mainGroup = 3ABC0828176D0043000AE52D;
			productRefGroup = 3ABC0832176D0043000AE52D /* Products */;
			projectDirPath = "";
			projectRoot = "";
			targets = (
				3ABC0830176D0043000AE52D /* Geohash Locator */,
			);
		};
/* End PBXProject section */

/* Begin PBXResourcesBuildPhase section */
		3ABC082F176D0043000AE52D /* Resources */ = {
			isa = PBXResourcesBuildPhase;
			buildActionMask = 2147483647;
			files = (
				3ABC083F176D0043000AE52D /* InfoPlist.strings in Resources */,
				3ABC084B176D0043000AE52D /* MainMenu.xib in Resources */,
				3ABC0872176D0177000AE52D /* DRHMainWindow_WindowController.xib in Resources */,
			);
			runOnlyForDeploymentPostprocessing = 0;
		};
/* End PBXResourcesBuildPhase section */

/* Begin PBXSourcesBuildPhase section */
		3ABC082D176D0043000AE52D /* Sources */ = {
			isa = PBXSourcesBuildPhase;
			buildActionMask = 2147483647;
			files = (
				3ABC0841176D0043000AE52D /* main.m in Sources */,
				3ABC086D176D0138000AE52D /* DRHGeohashLocator.m in Sources */,
				3ABC0871176D0177000AE52D /* DRHMainWindow_WindowController.m in Sources */,
				3A5FFF8B176D68C4003B4E6E /* DRHSimpleMapAnnotation.m in Sources */,
				3ABC0848176D0043000AE52D /* DRHAppDelegate.m in Sources */,
			);
			runOnlyForDeploymentPostprocessing = 0;
		};
/* End PBXSourcesBuildPhase section */

/* Begin PBXVariantGroup section */
		3ABC083D176D0043000AE52D /* InfoPlist.strings */ = {
			isa = PBXVariantGroup;
			children = (
				3ABC083E176D0043000AE52D /* en */,
			);
			name = InfoPlist.strings;
			sourceTree = "<group>";
		};
		3ABC0849176D0043000AE52D /* MainMenu.xib */ = {
			isa = PBXVariantGroup;
			children = (
				3ABC084A176D0043000AE52D /* Base */,
			);
			name = MainMenu.xib;
			path = "Geohash Locator";
			sourceTree = "<group>";
		};
/* End PBXVariantGroup section */

/* Begin XCBuildConfiguration section */
		3ABC0860176D0043000AE52D /* Debug */ = {
			isa = XCBuildConfiguration;
			buildSettings = {
				ALWAYS_SEARCH_USER_PATHS = NO;
				CLANG_CXX_LANGUAGE_STANDARD = "gnu++0x";
				CLANG_CXX_LIBRARY = "libc++";
				CLANG_ENABLE_MODULES = YES;
				CLANG_ENABLE_OBJC_ARC = YES;
				CLANG_WARN_BOOL_CONVERSION = YES;
				CLANG_WARN_CONSTANT_CONVERSION = YES;
				CLANG_WARN_DIRECT_OBJC_ISA_USAGE = YES_ERROR;
				CLANG_WARN_EMPTY_BODY = YES;
				CLANG_WARN_ENUM_CONVERSION = YES;
				CLANG_WARN_INT_CONVERSION = YES;
				CLANG_WARN_OBJC_ROOT_CLASS = YES_ERROR;
				CLANG_WARN__DUPLICATE_METHOD_MATCH = YES;
				COPY_PHASE_STRIP = NO;
				GCC_C_LANGUAGE_STANDARD = gnu99;
				GCC_DYNAMIC_NO_PIC = NO;
				GCC_ENABLE_OBJC_EXCEPTIONS = YES;
				GCC_OPTIMIZATION_LEVEL = 0;
				GCC_PREPROCESSOR_DEFINITIONS = (
					"DEBUG=1",
					"$(inherited)",
				);
				GCC_SYMBOLS_PRIVATE_EXTERN = NO;
				GCC_WARN_64_TO_32_BIT_CONVERSION = YES;
				GCC_WARN_ABOUT_RETURN_TYPE = YES_ERROR;
				GCC_WARN_UNDECLARED_SELECTOR = YES;
				GCC_WARN_UNINITIALIZED_AUTOS = YES;
				GCC_WARN_UNUSED_FUNCTION = YES;
				GCC_WARN_UNUSED_VARIABLE = YES;
				MACOSX_DEPLOYMENT_TARGET = 10.9;
				ONLY_ACTIVE_ARCH = YES;
				SDKROOT = macosx;
			};
			name = Debug;
		};
		3ABC0861176D0043000AE52D /* Release */ = {
			isa = XCBuildConfiguration;
			buildSettings = {
				ALWAYS_SEARCH_USER_PATHS = NO;
				CLANG_CXX_LANGUAGE_STANDARD = "gnu++0x";
				CLANG_CXX_LIBRARY = "libc++";
				CLANG_ENABLE_MODULES = YES;
				CLANG_ENABLE_OBJC_ARC = YES;
				CLANG_WARN_BOOL_CONVERSION = YES;
				CLANG_WARN_CONSTANT_CONVERSION = YES;
				CLANG_WARN_DIRECT_OBJC_ISA_USAGE = YES_ERROR;
				CLANG_WARN_EMPTY_BODY = YES;
				CLANG_WARN_ENUM_CONVERSION = YES;
				CLANG_WARN_INT_CONVERSION = YES;
				CLANG_WARN_OBJC_ROOT_CLASS = YES_ERROR;
				CLANG_WARN__DUPLICATE_METHOD_MATCH = YES;
				COPY_PHASE_STRIP = YES;
				DEBUG_INFORMATION_FORMAT = "dwarf-with-dsym";
				ENABLE_NS_ASSERTIONS = NO;
				GCC_C_LANGUAGE_STANDARD = gnu99;
				GCC_ENABLE_OBJC_EXCEPTIONS = YES;
				GCC_WARN_64_TO_32_BIT_CONVERSION = YES;
				GCC_WARN_ABOUT_RETURN_TYPE = YES_ERROR;
				GCC_WARN_UNDECLARED_SELECTOR = YES;
				GCC_WARN_UNINITIALIZED_AUTOS = YES;
				GCC_WARN_UNUSED_FUNCTION = YES;
				GCC_WARN_UNUSED_VARIABLE = YES;
				MACOSX_DEPLOYMENT_TARGET = 10.9;
				SDKROOT = macosx;
			};
			name = Release;
		};
		3ABC0863176D0043000AE52D /* Debug */ = {
			isa = XCBuildConfiguration;
			buildSettings = {
				ASSETCATALOG_COMPILER_APPICON_NAME = AppIcon;
				COMBINE_HIDPI_IMAGES = YES;
				GCC_PRECOMPILE_PREFIX_HEADER = YES;
				GCC_PREFIX_HEADER = "Geohash Locator/Geohash Locator-Prefix.pch";
				INFOPLIST_FILE = "Geohash Locator/Geohash Locator-Info.plist";
				PRODUCT_NAME = "$(TARGET_NAME)";
				WRAPPER_EXTENSION = app;
			};
			name = Debug;
		};
		3ABC0864176D0043000AE52D /* Release */ = {
			isa = XCBuildConfiguration;
			buildSettings = {
				ASSETCATALOG_COMPILER_APPICON_NAME = AppIcon;
				COMBINE_HIDPI_IMAGES = YES;
				GCC_PRECOMPILE_PREFIX_HEADER = YES;
				GCC_PREFIX_HEADER = "Geohash Locator/Geohash Locator-Prefix.pch";
				INFOPLIST_FILE = "Geohash Locator/Geohash Locator-Info.plist";
				PRODUCT_NAME = "$(TARGET_NAME)";
				WRAPPER_EXTENSION = app;
			};
			name = Release;
		};
/* End XCBuildConfiguration section */

/* Begin XCConfigurationList section */
		3ABC082C176D0043000AE52D /* Build configuration list for PBXProject "Geohash Locator" */ = {
			isa = XCConfigurationList;
			buildConfigurations = (
				3ABC0860176D0043000AE52D /* Debug */,
				3ABC0861176D0043000AE52D /* Release */,
			);
			defaultConfigurationIsVisible = 0;
			defaultConfigurationName = Release;
		};
		3ABC0862176D0043000AE52D /* Build configuration list for PBXNativeTarget "Geohash Locator" */ = {
			isa = XCConfigurationList;
			buildConfigurations = (
				3ABC0863176D0043000AE52D /* Debug */,
				3ABC0864176D0043000AE52D /* Release */,
			);
			defaultConfigurationIsVisible = 0;
			defaultConfigurationName = Release;
		};
/* End XCConfigurationList section */
	};
	rootObject = 3ABC0829176D0043000AE52D /* Project object */;
}
